
Microsoft Visual Studio Solution File, Format Version 12.00
# Visual Studio Version 16
VisualStudioVersion = 16.0.32002.261
MinimumVisualStudioVersion = 10.0.40219.1
Project("{FAE04EC0-301F-11D3-BF4B-00C04F79EFBC}") = "RetailBot", "RetailBot.csproj", "{03D476AE-7549-426D-9DE6-13257DBA9201}"
EndProject
Global
	GlobalSection(SolutionConfigurationPlatforms) = preSolution
		Debug|Any CPU = Debug|Any CPU
		Release|Any CPU = Release|Any CPU
	EndGlobalSection
	GlobalSection(ProjectConfigurationPlatforms) = postSolution
		{03D476AE-7549-426D-9DE6-13257DBA9201}.Debug|Any CPU.ActiveCfg = Debug|Any CPU
		{03D476AE-7549-426D-9DE6-13257DBA9201}.Debug|Any CPU.Build.0 = Debug|Any CPU
		{03D476AE-7549-426D-9DE6-13257DBA9201}.Release|Any CPU.ActiveCfg = Release|Any CPU
		{03D476AE-7549-426D-9DE6-13257DBA9201}.Release|Any CPU.Build.0 = Release|Any CPU
	EndGlobalSection
	GlobalSection(SolutionProperties) = preSolution
		HideSolutionNode = FALSE
	EndGlobalSection
	GlobalSection(ExtensibilityGlobals) = postSolution
		SolutionGuid = {999A620B-496A-415C-83E1-6B472C48A0E9}
	EndGlobalSection
EndGlobal
